
Microsoft Visual Studio Solution File, Format Version 12.00
# Visual Studio Version 17
VisualStudioVersion = 17.4.33213.308
MinimumVisualStudioVersion = 10.0.40219.1
Project("{FAE04EC0-301F-11D3-BF4B-00C04F79EFBC}") = "TFYAiK", "TFYAiK\TFYAiK.csproj", "{327D61D9-3771-44D3-946C-5164A8E1CC12}"
EndProject
Global
	GlobalSection(SolutionConfigurationPlatforms) = preSolution
		Debug|Any CPU = Debug|Any CPU
		Release|Any CPU = Release|Any CPU
	EndGlobalSection
	GlobalSection(ProjectConfigurationPlatforms) = postSolution
		{327D61D9-3771-44D3-946C-5164A8E1CC12}.Debug|Any CPU.ActiveCfg = Debug|Any CPU
		{327D61D9-3771-44D3-946C-5164A8E1CC12}.Debug|Any CPU.Build.0 = Debug|Any CPU
		{327D61D9-3771-44D3-946C-5164A8E1CC12}.Release|Any CPU.ActiveCfg = Release|Any CPU
		{327D61D9-3771-44D3-946C-5164A8E1CC12}.Release|Any CPU.Build.0 = Release|Any CPU
	EndGlobalSection
	GlobalSection(SolutionProperties) = preSolution
		HideSolutionNode = FALSE
	EndGlobalSection
	GlobalSection(ExtensibilityGlobals) = postSolution
		SolutionGuid = {7B34C230-DCCE-4D06-B682-8B7A16A7072D}
	EndGlobalSection
EndGlobal
